
Microsoft Visual Studio Solution File, Format Version 12.00
# Visual Studio Version 16
VisualStudioVersion = 16.0.30804.86
MinimumVisualStudioVersion = 10.0.40219.1
Project("{FAE04EC0-301F-11D3-BF4B-00C04F79EFBC}") = "LayoutGenGrasshopper", "LayoutGenGrasshopper\LayoutGenGrasshopper.csproj", "{C34DB3FB-2A4F-4D8F-8467-9D9EF6DA15E6}"
EndProject
Project("{FAE04EC0-301F-11D3-BF4B-00C04F79EFBC}") = "clipper_library", "clipper_library\clipper_library.csproj", "{9B062971-A88E-4A3D-B3C9-12B78D15FA66}"
EndProject
Global
	GlobalSection(SolutionConfigurationPlatforms) = preSolution
		Debug|Any CPU = Debug|Any CPU
		Release|Any CPU = Release|Any CPU
	EndGlobalSection
	GlobalSection(ProjectConfigurationPlatforms) = postSolution
		{C34DB3FB-2A4F-4D8F-8467-9D9EF6DA15E6}.Debug|Any CPU.ActiveCfg = Debug|Any CPU
		{C34DB3FB-2A4F-4D8F-8467-9D9EF6DA15E6}.Debug|Any CPU.Build.0 = Debug|Any CPU
		{C34DB3FB-2A4F-4D8F-8467-9D9EF6DA15E6}.Release|Any CPU.ActiveCfg = Release|Any CPU
		{C34DB3FB-2A4F-4D8F-8467-9D9EF6DA15E6}.Release|Any CPU.Build.0 = Release|Any CPU
		{9B062971-A88E-4A3D-B3C9-12B78D15FA66}.Debug|Any CPU.ActiveCfg = Debug|Any CPU
		{9B062971-A88E-4A3D-B3C9-12B78D15FA66}.Debug|Any CPU.Build.0 = Debug|Any CPU
		{9B062971-A88E-4A3D-B3C9-12B78D15FA66}.Release|Any CPU.ActiveCfg = Release|Any CPU
		{9B062971-A88E-4A3D-B3C9-12B78D15FA66}.Release|Any CPU.Build.0 = Release|Any CPU
	EndGlobalSection
	GlobalSection(SolutionProperties) = preSolution
		HideSolutionNode = FALSE
	EndGlobalSection
	GlobalSection(ExtensibilityGlobals) = postSolution
		SolutionGuid = {D33C752C-3680-411B-8E62-722933C7CF2A}
	EndGlobalSection
EndGlobal
